
Microsoft Visual Studio Solution File, Format Version 12.00
# Visual Studio Version 16
VisualStudioVersion = 16.0.29519.87
MinimumVisualStudioVersion = 10.0.40219.1
Project("{8BC9CEB8-8B4A-11D0-8D11-00A0C91BC942}") = "siv3dws", "siv3dws\siv3dws.vcxproj", "{F883B15C-4053-4E7F-AE11-069F0C13A827}"
EndProject
Project("{8BC9CEB8-8B4A-11D0-8D11-00A0C91BC942}") = "PictoChat", "PictoChat\PictoChat.vcxproj", "{C627C8F5-C57D-4910-B3AB-CB1C0A9B40E6}"
EndProject
Project("{8BC9CEB8-8B4A-11D0-8D11-00A0C91BC942}") = "CircleControl", "CircleControl\CircleControl.vcxproj", "{CFDD020E-AF1B-44EF-8B6C-AFAE66C42797}"
EndProject
Global
	GlobalSection(SolutionConfigurationPlatforms) = preSolution
		Debug|x64 = Debug|x64
		Debug|x86 = Debug|x86
		Release|x64 = Release|x64
		Release|x86 = Release|x86
	EndGlobalSection
	GlobalSection(ProjectConfigurationPlatforms) = postSolution
		{F883B15C-4053-4E7F-AE11-069F0C13A827}.Debug|x64.ActiveCfg = Debug|x64
		{F883B15C-4053-4E7F-AE11-069F0C13A827}.Debug|x64.Build.0 = Debug|x64
		{F883B15C-4053-4E7F-AE11-069F0C13A827}.Debug|x86.ActiveCfg = Debug|x64
		{F883B15C-4053-4E7F-AE11-069F0C13A827}.Release|x64.ActiveCfg = Release|x64
		{F883B15C-4053-4E7F-AE11-069F0C13A827}.Release|x64.Build.0 = Release|x64
		{F883B15C-4053-4E7F-AE11-069F0C13A827}.Release|x86.ActiveCfg = Release|x64
		{C627C8F5-C57D-4910-B3AB-CB1C0A9B40E6}.Debug|x64.ActiveCfg = Debug|x64
		{C627C8F5-C57D-4910-B3AB-CB1C0A9B40E6}.Debug|x64.Build.0 = Debug|x64
		{C627C8F5-C57D-4910-B3AB-CB1C0A9B40E6}.Debug|x86.ActiveCfg = Debug|x64
		{C627C8F5-C57D-4910-B3AB-CB1C0A9B40E6}.Release|x64.ActiveCfg = Release|x64
		{C627C8F5-C57D-4910-B3AB-CB1C0A9B40E6}.Release|x64.Build.0 = Release|x64
		{C627C8F5-C57D-4910-B3AB-CB1C0A9B40E6}.Release|x86.ActiveCfg = Release|x64
		{CFDD020E-AF1B-44EF-8B6C-AFAE66C42797}.Debug|x64.ActiveCfg = Debug|x64
		{CFDD020E-AF1B-44EF-8B6C-AFAE66C42797}.Debug|x64.Build.0 = Debug|x64
		{CFDD020E-AF1B-44EF-8B6C-AFAE66C42797}.Debug|x86.ActiveCfg = Debug|x64
		{CFDD020E-AF1B-44EF-8B6C-AFAE66C42797}.Release|x64.ActiveCfg = Release|x64
		{CFDD020E-AF1B-44EF-8B6C-AFAE66C42797}.Release|x64.Build.0 = Release|x64
		{CFDD020E-AF1B-44EF-8B6C-AFAE66C42797}.Release|x86.ActiveCfg = Release|x64
	EndGlobalSection
	GlobalSection(SolutionProperties) = preSolution
		HideSolutionNode = FALSE
	EndGlobalSection
	GlobalSection(ExtensibilityGlobals) = postSolution
		SolutionGuid = {8550EA2A-6BE1-4A34-BC03-58D894496575}
	EndGlobalSection
EndGlobal
